
Microsoft Visual Studio Solution File, Format Version 12.00
# Visual Studio Version 16
VisualStudioVersion = 16.0.28803.352
MinimumVisualStudioVersion = 10.0.40219.1
Project("{8BC9CEB8-8B4A-11D0-8D11-00A0C91BC942}") = "PolygonScan_OpenGL", "PolygonScan_OpenGL.vcxproj", "{C5311394-4DD0-4A9C-87CA-77C76D1D7F1A}"
EndProject
Global
	GlobalSection(SolutionConfigurationPlatforms) = preSolution
		Debug|x64 = Debug|x64
		Debug|x86 = Debug|x86
		Release|x64 = Release|x64
		Release|x86 = Release|x86
	EndGlobalSection
	GlobalSection(ProjectConfigurationPlatforms) = postSolution
		{C5311394-4DD0-4A9C-87CA-77C76D1D7F1A}.Debug|x64.ActiveCfg = Debug|x64
		{C5311394-4DD0-4A9C-87CA-77C76D1D7F1A}.Debug|x64.Build.0 = Debug|x64
		{C5311394-4DD0-4A9C-87CA-77C76D1D7F1A}.Debug|x86.ActiveCfg = Debug|Win32
		{C5311394-4DD0-4A9C-87CA-77C76D1D7F1A}.Debug|x86.Build.0 = Debug|Win32
		{C5311394-4DD0-4A9C-87CA-77C76D1D7F1A}.Release|x64.ActiveCfg = Release|x64
		{C5311394-4DD0-4A9C-87CA-77C76D1D7F1A}.Release|x64.Build.0 = Release|x64
		{C5311394-4DD0-4A9C-87CA-77C76D1D7F1A}.Release|x86.ActiveCfg = Release|Win32
		{C5311394-4DD0-4A9C-87CA-77C76D1D7F1A}.Release|x86.Build.0 = Release|Win32
	EndGlobalSection
	GlobalSection(SolutionProperties) = preSolution
		HideSolutionNode = FALSE
	EndGlobalSection
	GlobalSection(ExtensibilityGlobals) = postSolution
		SolutionGuid = {5CF42B5E-3435-4189-8DD5-F55DA8EF432C}
	EndGlobalSection
EndGlobal
